// !$*UTF8*$!
{
	archiveVersion = 1;
	classes = {
	};
	objectVersion = 46;
	objects = {

/* Begin PBXBuildFile section */
		561CFBB21C99FDBB0043ACC7 /* MedsTabController.m in Sources */ = {isa = PBXBuildFile; fileRef = 561CFBB11C99FDBB0043ACC7 /* MedsTabController.m */; };
		56CF274B1B027559000DE101 /* main.m in Sources */ = {isa = PBXBuildFile; fileRef = 56CF274A1B027559000DE101 /* main.m */; };
		56CF274E1B027559000DE101 /* AppDelegate.m in Sources */ = {isa = PBXBuildFile; fileRef = 56CF274D1B027559000DE101 /* AppDelegate.m */; };
		56CF27511B027559000DE101 /* MedsTracker.xcdatamodeld in Sources */ = {isa = PBXBuildFile; fileRef = 56CF274F1B027559000DE101 /* MedsTracker.xcdatamodeld */; };
		56CF27541B027559000DE101 /* MasterViewController.m in Sources */ = {isa = PBXBuildFile; fileRef = 56CF27531B027559000DE101 /* MasterViewController.m */; };
		56CF27571B027559000DE101 /* DetailViewController.m in Sources */ = {isa = PBXBuildFile; fileRef = 56CF27561B027559000DE101 /* DetailViewController.m */; };
		56CF275A1B027559000DE101 /* Main.storyboard in Resources */ = {isa = PBXBuildFile; fileRef = 56CF27581B027559000DE101 /* Main.storyboard */; };
		56CF275C1B027559000DE101 /* Images.xcassets in Resources */ = {isa = PBXBuildFile; fileRef = 56CF275B1B027559000DE101 /* Images.xcassets */; };
		56CF275F1B027559000DE101 /* LaunchScreen.xib in Resources */ = {isa = PBXBuildFile; fileRef = 56CF275D1B027559000DE101 /* LaunchScreen.xib */; };
		56CF276B1B02755A000DE101 /* MedsTrackerTests.m in Sources */ = {isa = PBXBuildFile; fileRef = 56CF276A1B02755A000DE101 /* MedsTrackerTests.m */; };
		56CF27761B027851000DE101 /* Medication.m in Sources */ = {isa = PBXBuildFile; fileRef = 56CF27751B027851000DE101 /* Medication.m */; };
		56CF277B1B027B0F000DE101 /* NewPillViewController.m in Sources */ = {isa = PBXBuildFile; fileRef = 56CF277A1B027B0F000DE101 /* NewPillViewController.m */; };
		9B3FED93F8F0F23D3BE32114 /* libPods-MedsTracker.a in Frameworks */ = {isa = PBXBuildFile; fileRef = FBA064723EF4138364460C8D /* libPods-MedsTracker.a */; };
/* End PBXBuildFile section */

/* Begin PBXContainerItemProxy section */
		56CF27651B027559000DE101 /* PBXContainerItemProxy */ = {
			isa = PBXContainerItemProxy;
			containerPortal = 56CF273D1B027559000DE101 /* Project object */;
			proxyType = 1;
			remoteGlobalIDString = 56CF27441B027559000DE101;
			remoteInfo = MedsTracker;
		};
/* End PBXContainerItemProxy section */

/* Begin PBXFileReference section */
		561CFBB01C99FDBB0043ACC7 /* MedsTabController.h */ = {isa = PBXFileReference; fileEncoding = 4; lastKnownFileType = sourcecode.c.h; path = MedsTabController.h; sourceTree = "<group>"; };
		561CFBB11C99FDBB0043ACC7 /* MedsTabController.m */ = {isa = PBXFileReference; fileEncoding = 4; lastKnownFileType = sourcecode.c.objc; path = MedsTabController.m; sourceTree = "<group>"; };
		56CF27451B027559000DE101 /* MedsTracker.app */ = {isa = PBXFileReference; explicitFileType = wrapper.application; includeInIndex = 0; path = MedsTracker.app; sourceTree = BUILT_PRODUCTS_DIR; };
		56CF27491B027559000DE101 /* Info.plist */ = {isa = PBXFileReference; lastKnownFileType = text.plist.xml; path = Info.plist; sourceTree = "<group>"; };
		56CF274A1B027559000DE101 /* main.m */ = {isa = PBXFileReference; lastKnownFileType = sourcecode.c.objc; path = main.m; sourceTree = "<group>"; };
		56CF274C1B027559000DE101 /* AppDelegate.h */ = {isa = PBXFileReference; lastKnownFileType = sourcecode.c.h; path = AppDelegate.h; sourceTree = "<group>"; };
		56CF274D1B027559000DE101 /* AppDelegate.m */ = {isa = PBXFileReference; lastKnownFileType = sourcecode.c.objc; path = AppDelegate.m; sourceTree = "<group>"; };
		56CF27501B027559000DE101 /* MedsTracker.xcdatamodel */ = {isa = PBXFileReference; lastKnownFileType = wrapper.xcdatamodel; path = MedsTracker.xcdatamodel; sourceTree = "<group>"; };
		56CF27521B027559000DE101 /* MasterViewController.h */ = {isa = PBXFileReference; lastKnownFileType = sourcecode.c.h; path = MasterViewController.h; sourceTree = "<group>"; };
		56CF27531B027559000DE101 /* MasterViewController.m */ = {isa = PBXFileReference; lastKnownFileType = sourcecode.c.objc; path = MasterViewController.m; sourceTree = "<group>"; };
		56CF27551B027559000DE101 /* DetailViewController.h */ = {isa = PBXFileReference; lastKnownFileType = sourcecode.c.h; path = DetailViewController.h; sourceTree = "<group>"; };
		56CF27561B027559000DE101 /* DetailViewController.m */ = {isa = PBXFileReference; lastKnownFileType = sourcecode.c.objc; path = DetailViewController.m; sourceTree = "<group>"; };
		56CF27591B027559000DE101 /* Base */ = {isa = PBXFileReference; lastKnownFileType = file.storyboard; name = Base; path = Base.lproj/Main.storyboard; sourceTree = "<group>"; };
		56CF275B1B027559000DE101 /* Images.xcassets */ = {isa = PBXFileReference; lastKnownFileType = folder.assetcatalog; path = Images.xcassets; sourceTree = "<group>"; };
		56CF275E1B027559000DE101 /* Base */ = {isa = PBXFileReference; lastKnownFileType = file.xib; name = Base; path = Base.lproj/LaunchScreen.xib; sourceTree = "<group>"; };
		56CF27641B027559000DE101 /* MedsTrackerTests.xctest */ = {isa = PBXFileReference; explicitFileType = wrapper.cfbundle; includeInIndex = 0; path = MedsTrackerTests.xctest; sourceTree = BUILT_PRODUCTS_DIR; };
		56CF27691B02755A000DE101 /* Info.plist */ = {isa = PBXFileReference; lastKnownFileType = text.plist.xml; path = Info.plist; sourceTree = "<group>"; };
		56CF276A1B02755A000DE101 /* MedsTrackerTests.m */ = {isa = PBXFileReference; lastKnownFileType = sourcecode.c.objc; path = MedsTrackerTests.m; sourceTree = "<group>"; };
		56CF27741B027851000DE101 /* Medication.h */ = {isa = PBXFileReference; fileEncoding = 4; lastKnownFileType = sourcecode.c.h; path = Medication.h; sourceTree = "<group>"; };
		56CF27751B027851000DE101 /* Medication.m */ = {isa = PBXFileReference; fileEncoding = 4; lastKnownFileType = sourcecode.c.objc; path = Medication.m; sourceTree = "<group>"; };
		56CF277A1B027B0F000DE101 /* NewPillViewController.m */ = {isa = PBXFileReference; fileEncoding = 4; lastKnownFileType = sourcecode.c.objc; path = NewPillViewController.m; sourceTree = "<group>"; };
		56CF277C1B027BDD000DE101 /* NewPillViewController.h */ = {isa = PBXFileReference; lastKnownFileType = sourcecode.c.h; path = NewPillViewController.h; sourceTree = "<group>"; };
		ADCACFBF0239A93BF6D890FE /* Pods-MedsTracker.release.xcconfig */ = {isa = PBXFileReference; includeInIndex = 1; lastKnownFileType = text.xcconfig; name = "Pods-MedsTracker.release.xcconfig"; path = "Pods/Target Support Files/Pods-MedsTracker/Pods-MedsTracker.release.xcconfig"; sourceTree = "<group>"; };
		F92AE3E1A97F461C560428BB /* Pods-MedsTracker.debug.xcconfig */ = {isa = PBXFileReference; includeInIndex = 1; lastKnownFileType = text.xcconfig; name = "Pods-MedsTracker.debug.xcconfig"; path = "Pods/Target Support Files/Pods-MedsTracker/Pods-MedsTracker.debug.xcconfig"; sourceTree = "<group>"; };
		FBA064723EF4138364460C8D /* libPods-MedsTracker.a */ = {isa = PBXFileReference; explicitFileType = archive.ar; includeInIndex = 0; path = "libPods-MedsTracker.a"; sourceTree = BUILT_PRODUCTS_DIR; };
/* End PBXFileReference section */

/* Begin PBXFrameworksBuildPhase section */
		56CF27421B027559000DE101 /* Frameworks */ = {
			isa = PBXFrameworksBuildPhase;
			buildActionMask = 2147483647;
			files = (
				9B3FED93F8F0F23D3BE32114 /* libPods-MedsTracker.a in Frameworks */,
			);
			runOnlyForDeploymentPostprocessing = 0;
		};
		56CF27611B027559000DE101 /* Frameworks */ = {
			isa = PBXFrameworksBuildPhase;
			buildActionMask = 2147483647;
			files = (
			);
			runOnlyForDeploymentPostprocessing = 0;
		};
/* End PBXFrameworksBuildPhase section */

/* Begin PBXGroup section */
		56CF273C1B027559000DE101 = {
			isa = PBXGroup;
			children = (
				56CF27471B027559000DE101 /* MedsTracker */,
				56CF27671B02755A000DE101 /* MedsTrackerTests */,
				56CF27461B027559000DE101 /* Products */,
				B0D31ABC733E3E6F19D15F57 /* Pods */,
				76EBF2790D4E4DF4EA2591B2 /* Frameworks */,
			);
			sourceTree = "<group>";
		};
		56CF27461B027559000DE101 /* Products */ = {
			isa = PBXGroup;
			children = (
				56CF27451B027559000DE101 /* MedsTracker.app */,
				56CF27641B027559000DE101 /* MedsTrackerTests.xctest */,
			);
			name = Products;
			sourceTree = "<group>";
		};
		56CF27471B027559000DE101 /* MedsTracker */ = {
			isa = PBXGroup;
			children = (
				56CF274C1B027559000DE101 /* AppDelegate.h */,
				56CF274D1B027559000DE101 /* AppDelegate.m */,
				561CFBB01C99FDBB0043ACC7 /* MedsTabController.h */,
				561CFBB11C99FDBB0043ACC7 /* MedsTabController.m */,
				56CF27521B027559000DE101 /* MasterViewController.h */,
				56CF27531B027559000DE101 /* MasterViewController.m */,
				56CF27551B027559000DE101 /* DetailViewController.h */,
				56CF27561B027559000DE101 /* DetailViewController.m */,
				56CF27581B027559000DE101 /* Main.storyboard */,
				56CF275B1B027559000DE101 /* Images.xcassets */,
				56CF275D1B027559000DE101 /* LaunchScreen.xib */,
				56CF274F1B027559000DE101 /* MedsTracker.xcdatamodeld */,
				56CF27481B027559000DE101 /* Supporting Files */,
				56CF27741B027851000DE101 /* Medication.h */,
				56CF27751B027851000DE101 /* Medication.m */,
				56CF277C1B027BDD000DE101 /* NewPillViewController.h */,
				56CF277A1B027B0F000DE101 /* NewPillViewController.m */,
			);
			path = MedsTracker;
			sourceTree = "<group>";
		};
		56CF27481B027559000DE101 /* Supporting Files */ = {
			isa = PBXGroup;
			children = (
				56CF27491B027559000DE101 /* Info.plist */,
				56CF274A1B027559000DE101 /* main.m */,
			);
			name = "Supporting Files";
			sourceTree = "<group>";
		};
		56CF27671B02755A000DE101 /* MedsTrackerTests */ = {
			isa = PBXGroup;
			children = (
				56CF276A1B02755A000DE101 /* MedsTrackerTests.m */,
				56CF27681B02755A000DE101 /* Supporting Files */,
			);
			path = MedsTrackerTests;
			sourceTree = "<group>";
		};
		56CF27681B02755A000DE101 /* Supporting Files */ = {
			isa = PBXGroup;
			children = (
				56CF27691B02755A000DE101 /* Info.plist */,
			);
			name = "Supporting Files";
			sourceTree = "<group>";
		};
		76EBF2790D4E4DF4EA2591B2 /* Frameworks */ = {
			isa = PBXGroup;
			children = (
				FBA064723EF4138364460C8D /* libPods-MedsTracker.a */,
			);
			name = Frameworks;
			sourceTree = "<group>";
		};
		B0D31ABC733E3E6F19D15F57 /* Pods */ = {
			isa = PBXGroup;
			children = (
				F92AE3E1A97F461C560428BB /* Pods-MedsTracker.debug.xcconfig */,
				ADCACFBF0239A93BF6D890FE /* Pods-MedsTracker.release.xcconfig */,
			);
			name = Pods;
			sourceTree = "<group>";
		};
/* End PBXGroup section */

/* Begin PBXNativeTarget section */
		56CF27441B027559000DE101 /* MedsTracker */ = {
			isa = PBXNativeTarget;
			buildConfigurationList = 56CF276E1B02755A000DE101 /* Build configuration list for PBXNativeTarget "MedsTracker" */;
			buildPhases = (
				4C8E30957EE0C35468DD76E1 /* Check Pods Manifest.lock */,
				56CF27411B027559000DE101 /* Sources */,
				56CF27421B027559000DE101 /* Frameworks */,
				56CF27431B027559000DE101 /* Resources */,
				9086D10FC183C03791763E5A /* Copy Pods Resources */,
			);
			buildRules = (
			);
			dependencies = (
			);
			name = MedsTracker;
			productName = MedsTracker;
			productReference = 56CF27451B027559000DE101 /* MedsTracker.app */;
			productType = "com.apple.product-type.application";
		};
		56CF27631B027559000DE101 /* MedsTrackerTests */ = {
			isa = PBXNativeTarget;
			buildConfigurationList = 56CF27711B02755A000DE101 /* Build configuration list for PBXNativeTarget "MedsTrackerTests" */;
			buildPhases = (
				56CF27601B027559000DE101 /* Sources */,
				56CF27611B027559000DE101 /* Frameworks */,
				56CF27621B027559000DE101 /* Resources */,
			);
			buildRules = (
			);
			dependencies = (
				56CF27661B027559000DE101 /* PBXTargetDependency */,
			);
			name = MedsTrackerTests;
			productName = MedsTrackerTests;
			productReference = 56CF27641B027559000DE101 /* MedsTrackerTests.xctest */;
			productType = "com.apple.product-type.bundle.unit-test";
		};
/* End PBXNativeTarget section */

/* Begin PBXProject section */
		56CF273D1B027559000DE101 /* Project object */ = {
			isa = PBXProject;
			attributes = {
				LastUpgradeCheck = 0630;
				ORGANIZATIONNAME = RogueNotion;
				TargetAttributes = {
					56CF27441B027559000DE101 = {
						CreatedOnToolsVersion = 6.3.1;
						DevelopmentTeam = 6EADSJP336;
					};
					56CF27631B027559000DE101 = {
						CreatedOnToolsVersion = 6.3.1;
						TestTargetID = 56CF27441B027559000DE101;
					};
				};
			};
			buildConfigurationList = 56CF27401B027559000DE101 /* Build configuration list for PBXProject "MedsTracker" */;
			compatibilityVersion = "Xcode 3.2";
			developmentRegion = English;
			hasScannedForEncodings = 0;
			knownRegions = (
				en,
				Base,
			);
			mainGroup = 56CF273C1B027559000DE101;
			productRefGroup = 56CF27461B027559000DE101 /* Products */;
			projectDirPath = "";
			projectRoot = "";
			targets = (
				56CF27441B027559000DE101 /* MedsTracker */,
				56CF27631B027559000DE101 /* MedsTrackerTests */,
			);
		};
/* End PBXProject section */

/* Begin PBXResourcesBuildPhase section */
		56CF27431B027559000DE101 /* Resources */ = {
			isa = PBXResourcesBuildPhase;
			buildActionMask = 2147483647;
			files = (
				56CF275A1B027559000DE101 /* Main.storyboard in Resources */,
				56CF275F1B027559000DE101 /* LaunchScreen.xib in Resources */,
				56CF275C1B027559000DE101 /* Images.xcassets in Resources */,
			);
			runOnlyForDeploymentPostprocessing = 0;
		};
		56CF27621B027559000DE101 /* Resources */ = {
			isa = PBXResourcesBuildPhase;
			buildActionMask = 2147483647;
			files = (
			);
			runOnlyForDeploymentPostprocessing = 0;
		};
/* End PBXResourcesBuildPhase section */

/* Begin PBXShellScriptBuildPhase section */
		4C8E30957EE0C35468DD76E1 /* Check Pods Manifest.lock */ = {
			isa = PBXShellScriptBuildPhase;
			buildActionMask = 2147483647;
			files = (
			);
			inputPaths = (
			);
			name = "Check Pods Manifest.lock";
			outputPaths = (
			);
			runOnlyForDeploymentPostprocessing = 0;
			shellPath = /bin/sh;
			shellScript = "diff \"${PODS_ROOT}/../Podfile.lock\" \"${PODS_ROOT}/Manifest.lock\" > /dev/null\nif [[ $? != 0 ]] ; then\n    cat << EOM\nerror: The sandbox is not in sync with the Podfile.lock. Run 'pod install' or update your CocoaPods installation.\nEOM\n    exit 1\nfi\n";
			showEnvVarsInLog = 0;
		};
		9086D10FC183C03791763E5A /* Copy Pods Resources */ = {
			isa = PBXShellScriptBuildPhase;
			buildActionMask = 2147483647;
			files = (
			);
			inputPaths = (
			);
			name = "Copy Pods Resources";
			outputPaths = (
			);
			runOnlyForDeploymentPostprocessing = 0;
			shellPath = /bin/sh;
			shellScript = "\"${SRCROOT}/Pods/Target Support Files/Pods-MedsTracker/Pods-MedsTracker-resources.sh\"\n";
			showEnvVarsInLog = 0;
		};
/* End PBXShellScriptBuildPhase section */

/* Begin PBXSourcesBuildPhase section */
		56CF27411B027559000DE101 /* Sources */ = {
			isa = PBXSourcesBuildPhase;
			buildActionMask = 2147483647;
			files = (
				56CF27761B027851000DE101 /* Medication.m in Sources */,
				56CF27571B027559000DE101 /* DetailViewController.m in Sources */,
				56CF27541B027559000DE101 /* MasterViewController.m in Sources */,
				56CF277B1B027B0F000DE101 /* NewPillViewController.m in Sources */,
				56CF274E1B027559000DE101 /* AppDelegate.m in Sources */,
				56CF27511B027559000DE101 /* MedsTracker.xcdatamodeld in Sources */,
				561CFBB21C99FDBB0043ACC7 /* MedsTabController.m in Sources */,
				56CF274B1B027559000DE101 /* main.m in Sources */,
			);
			runOnlyForDeploymentPostprocessing = 0;
		};
		56CF27601B027559000DE101 /* Sources */ = {
			isa = PBXSourcesBuildPhase;
			buildActionMask = 2147483647;
			files = (
				56CF276B1B02755A000DE101 /* MedsTrackerTests.m in Sources */,
			);
			runOnlyForDeploymentPostprocessing = 0;
		};
/* End PBXSourcesBuildPhase section */

/* Begin PBXTargetDependency section */
		56CF27661B027559000DE101 /* PBXTargetDependency */ = {
			isa = PBXTargetDependency;
			target = 56CF27441B027559000DE101 /* MedsTracker */;
			targetProxy = 56CF27651B027559000DE101 /* PBXContainerItemProxy */;
		};
/* End PBXTargetDependency section */

/* Begin PBXVariantGroup section */
		56CF27581B027559000DE101 /* Main.storyboard */ = {
			isa = PBXVariantGroup;
			children = (
				56CF27591B027559000DE101 /* Base */,
			);
			name = Main.storyboard;
			sourceTree = "<group>";
		};
		56CF275D1B027559000DE101 /* LaunchScreen.xib */ = {
			isa = PBXVariantGroup;
			children = (
				56CF275E1B027559000DE101 /* Base */,
			);
			name = LaunchScreen.xib;
			sourceTree = "<group>";
		};
/* End PBXVariantGroup section */

/* Begin XCBuildConfiguration section */
		56CF276C1B02755A000DE101 /* Debug */ = {
			isa = XCBuildConfiguration;
			buildSettings = {
				ALWAYS_SEARCH_USER_PATHS = NO;
				CLANG_CXX_LANGUAGE_STANDARD = "gnu++0x";
				CLANG_CXX_LIBRARY = "libc++";
				CLANG_ENABLE_MODULES = YES;
				CLANG_ENABLE_OBJC_ARC = YES;
				CLANG_WARN_BOOL_CONVERSION = YES;
				CLANG_WARN_CONSTANT_CONVERSION = YES;
				CLANG_WARN_DIRECT_OBJC_ISA_USAGE = YES_ERROR;
				CLANG_WARN_EMPTY_BODY = YES;
				CLANG_WARN_ENUM_CONVERSION = YES;
				CLANG_WARN_INT_CONVERSION = YES;
				CLANG_WARN_OBJC_ROOT_CLASS = YES_ERROR;
				CLANG_WARN_UNREACHABLE_CODE = YES;
				CLANG_WARN__DUPLICATE_METHOD_MATCH = YES;
				"CODE_SIGN_IDENTITY[sdk=iphoneos*]" = "iPhone Developer";
				COPY_PHASE_STRIP = NO;
				DEBUG_INFORMATION_FORMAT = "dwarf-with-dsym";
				ENABLE_STRICT_OBJC_MSGSEND = YES;
				GCC_C_LANGUAGE_STANDARD = gnu99;
				GCC_DYNAMIC_NO_PIC = NO;
				GCC_NO_COMMON_BLOCKS = YES;
				GCC_OPTIMIZATION_LEVEL = 0;
				GCC_PREPROCESSOR_DEFINITIONS = (
					"DEBUG=1",
					"$(inherited)",
				);
				GCC_SYMBOLS_PRIVATE_EXTERN = NO;
				GCC_WARN_64_TO_32_BIT_CONVERSION = YES;
				GCC_WARN_ABOUT_RETURN_TYPE = YES_ERROR;
				GCC_WARN_UNDECLARED_SELECTOR = YES;
				GCC_WARN_UNINITIALIZED_AUTOS = YES_AGGRESSIVE;
				GCC_WARN_UNUSED_FUNCTION = YES;
				GCC_WARN_UNUSED_VARIABLE = YES;
				IPHONEOS_DEPLOYMENT_TARGET = 8.3;
				MTL_ENABLE_DEBUG_INFO = YES;
				ONLY_ACTIVE_ARCH = YES;
				SDKROOT = iphoneos;
			};
			name = Debug;
		};
		56CF276D1B02755A000DE101 /* Release */ = {
			isa = XCBuildConfiguration;
			buildSettings = {
				ALWAYS_SEARCH_USER_PATHS = NO;
				CLANG_CXX_LANGUAGE_STANDARD = "gnu++0x";
				CLANG_CXX_LIBRARY = "libc++";
				CLANG_ENABLE_MODULES = YES;
				CLANG_ENABLE_OBJC_ARC = YES;
				CLANG_WARN_BOOL_CONVERSION = YES;
				CLANG_WARN_CONSTANT_CONVERSION = YES;
				CLANG_WARN_DIRECT_OBJC_ISA_USAGE = YES_ERROR;
				CLANG_WARN_EMPTY_BODY = YES;
				CLANG_WARN_ENUM_CONVERSION = YES;
				CLANG_WARN_INT_CONVERSION = YES;
				CLANG_WARN_OBJC_ROOT_CLASS = YES_ERROR;
				CLANG_WARN_UNREACHABLE_CODE = YES;
				CLANG_WARN__DUPLICATE_METHOD_MATCH = YES;
				"CODE_SIGN_IDENTITY[sdk=iphoneos*]" = "iPhone Developer";
				COPY_PHASE_STRIP = NO;
				DEBUG_INFORMATION_FORMAT = "dwarf-with-dsym";
				ENABLE_NS_ASSERTIONS = NO;
				ENABLE_STRICT_OBJC_MSGSEND = YES;
				GCC_C_LANGUAGE_STANDARD = gnu99;
				GCC_NO_COMMON_BLOCKS = YES;
				GCC_WARN_64_TO_32_BIT_CONVERSION = YES;
				GCC_WARN_ABOUT_RETURN_TYPE = YES_ERROR;
				GCC_WARN_UNDECLARED_SELECTOR = YES;
				GCC_WARN_UNINITIALIZED_AUTOS = YES_AGGRESSIVE;
				GCC_WARN_UNUSED_FUNCTION = YES;
				GCC_WARN_UNUSED_VARIABLE = YES;
				IPHONEOS_DEPLOYMENT_TARGET = 8.3;
				MTL_ENABLE_DEBUG_INFO = NO;
				SDKROOT = iphoneos;
				VALIDATE_PRODUCT = YES;
			};
			name = Release;
		};
		56CF276F1B02755A000DE101 /* Debug */ = {
			isa = XCBuildConfiguration;
			baseConfigurationReference = F92AE3E1A97F461C560428BB /* Pods-MedsTracker.debug.xcconfig */;
			buildSettings = {
				ASSETCATALOG_COMPILER_APPICON_NAME = AppIcon;
				CODE_SIGN_IDENTITY = "iPhone Developer";
				"CODE_SIGN_IDENTITY[sdk=iphoneos*]" = "iPhone Developer";
				INFOPLIST_FILE = MedsTracker/Info.plist;
				LD_RUNPATH_SEARCH_PATHS = "$(inherited) @executable_path/Frameworks";
				PRODUCT_NAME = "$(TARGET_NAME)";
				PROVISIONING_PROFILE = "";
			};
			name = Debug;
		};
		56CF27701B02755A000DE101 /* Release */ = {
			isa = XCBuildConfiguration;
			baseConfigurationReference = ADCACFBF0239A93BF6D890FE /* Pods-MedsTracker.release.xcconfig */;
			buildSettings = {
				ASSETCATALOG_COMPILER_APPICON_NAME = AppIcon;
				CODE_SIGN_IDENTITY = "iPhone Developer";
				"CODE_SIGN_IDENTITY[sdk=iphoneos*]" = "iPhone Developer";
				INFOPLIST_FILE = MedsTracker/Info.plist;
				LD_RUNPATH_SEARCH_PATHS = "$(inherited) @executable_path/Frameworks";
				PRODUCT_NAME = "$(TARGET_NAME)";
				PROVISIONING_PROFILE = "";
			};
			name = Release;
		};
		56CF27721B02755A000DE101 /* Debug */ = {
			isa = XCBuildConfiguration;
			buildSettings = {
				BUNDLE_LOADER = "$(TEST_HOST)";
				FRAMEWORK_SEARCH_PATHS = (
					"$(SDKROOT)/Developer/Library/Frameworks",
					"$(inherited)",
				);
				GCC_PREPROCESSOR_DEFINITIONS = (
					"DEBUG=1",
					"$(inherited)",
				);
				INFOPLIST_FILE = MedsTrackerTests/Info.plist;
				LD_RUNPATH_SEARCH_PATHS = "$(inherited) @executable_path/Frameworks @loader_path/Frameworks";
				PRODUCT_NAME = "$(TARGET_NAME)";
				TEST_HOST = "$(BUILT_PRODUCTS_DIR)/MedsTracker.app/MedsTracker";
			};
			name = Debug;
		};
		56CF27731B02755A000DE101 /* Release */ = {
			isa = XCBuildConfiguration;
			buildSettings = {
				BUNDLE_LOADER = "$(TEST_HOST)";
				FRAMEWORK_SEARCH_PATHS = (
					"$(SDKROOT)/Developer/Library/Frameworks",
					"$(inherited)",
				);
				INFOPLIST_FILE = MedsTrackerTests/Info.plist;
				LD_RUNPATH_SEARCH_PATHS = "$(inherited) @executable_path/Frameworks @loader_path/Frameworks";
				PRODUCT_NAME = "$(TARGET_NAME)";
				TEST_HOST = "$(BUILT_PRODUCTS_DIR)/MedsTracker.app/MedsTracker";
			};
			name = Release;
		};
/* End XCBuildConfiguration section */

/* Begin XCConfigurationList section */
		56CF27401B027559000DE101 /* Build configuration list for PBXProject "MedsTracker" */ = {
			isa = XCConfigurationList;
			buildConfigurations = (
				56CF276C1B02755A000DE101 /* Debug */,
				56CF276D1B02755A000DE101 /* Release */,
			);
			defaultConfigurationIsVisible = 0;
			defaultConfigurationName = Release;
		};
		56CF276E1B02755A000DE101 /* Build configuration list for PBXNativeTarget "MedsTracker" */ = {
			isa = XCConfigurationList;
			buildConfigurations = (
				56CF276F1B02755A000DE101 /* Debug */,
				56CF27701B02755A000DE101 /* Release */,
			);
			defaultConfigurationIsVisible = 0;
			defaultConfigurationName = Release;
		};
		56CF27711B02755A000DE101 /* Build configuration list for PBXNativeTarget "MedsTrackerTests" */ = {
			isa = XCConfigurationList;
			buildConfigurations = (
				56CF27721B02755A000DE101 /* Debug */,
				56CF27731B02755A000DE101 /* Release */,
			);
			defaultConfigurationIsVisible = 0;
			defaultConfigurationName = Release;
		};
/* End XCConfigurationList section */

/* Begin XCVersionGroup section */
		56CF274F1B027559000DE101 /* MedsTracker.xcdatamodeld */ = {
			isa = XCVersionGroup;
			children = (
				56CF27501B027559000DE101 /* MedsTracker.xcdatamodel */,
			);
			currentVersion = 56CF27501B027559000DE101 /* MedsTracker.xcdatamodel */;
			path = MedsTracker.xcdatamodeld;
			sourceTree = "<group>";
			versionGroupType = wrapper.xcdatamodel;
		};
/* End XCVersionGroup section */
	};
	rootObject = 56CF273D1B027559000DE101 /* Project object */;
}
